
Microsoft Visual Studio Solution File, Format Version 12.00
# Visual Studio Version 16
VisualStudioVersion = 16.0.28803.352
MinimumVisualStudioVersion = 10.0.40219.1
Project("{F184B08F-C81C-45F6-A57F-5ABD9991F28F}") = "UberKill Patcher", "UberKill Patcher\UberKill Patcher.vbproj", "{FC8BB12D-B145-4549-819F-48AF123A987A}"
EndProject
Global
	GlobalSection(SolutionConfigurationPlatforms) = preSolution
		Debug|Any CPU = Debug|Any CPU
		Release|Any CPU = Release|Any CPU
	EndGlobalSection
	GlobalSection(ProjectConfigurationPlatforms) = postSolution
		{FC8BB12D-B145-4549-819F-48AF123A987A}.Debug|Any CPU.ActiveCfg = Debug|Any CPU
		{FC8BB12D-B145-4549-819F-48AF123A987A}.Debug|Any CPU.Build.0 = Debug|Any CPU
		{FC8BB12D-B145-4549-819F-48AF123A987A}.Release|Any CPU.ActiveCfg = Release|Any CPU
		{FC8BB12D-B145-4549-819F-48AF123A987A}.Release|Any CPU.Build.0 = Release|Any CPU
	EndGlobalSection
	GlobalSection(SolutionProperties) = preSolution
		HideSolutionNode = FALSE
	EndGlobalSection
	GlobalSection(ExtensibilityGlobals) = postSolution
		SolutionGuid = {DB414140-2151-4A93-B5FF-4B37672F364D}
	EndGlobalSection
EndGlobal
